
Microsoft Visual Studio Solution File, Format Version 12.00
# Visual Studio 15
VisualStudioVersion = 15.0.27703.2035
MinimumVisualStudioVersion = 10.0.40219.1
Project("{8BC9CEB8-8B4A-11D0-8D11-00A0C91BC942}") = "GithubTutorial", "GithubTutorial\GithubTutorial.vcxproj", "{ED8B3A44-7E3A-4094-BC87-BB62C9D8347C}"
EndProject
Global
	GlobalSection(SolutionConfigurationPlatforms) = preSolution
		Debug|x64 = Debug|x64
		Debug|x86 = Debug|x86
		Release|x64 = Release|x64
		Release|x86 = Release|x86
	EndGlobalSection
	GlobalSection(ProjectConfigurationPlatforms) = postSolution
		{ED8B3A44-7E3A-4094-BC87-BB62C9D8347C}.Debug|x64.ActiveCfg = Debug|x64
		{ED8B3A44-7E3A-4094-BC87-BB62C9D8347C}.Debug|x64.Build.0 = Debug|x64
		{ED8B3A44-7E3A-4094-BC87-BB62C9D8347C}.Debug|x86.ActiveCfg = Debug|Win32
		{ED8B3A44-7E3A-4094-BC87-BB62C9D8347C}.Debug|x86.Build.0 = Debug|Win32
		{ED8B3A44-7E3A-4094-BC87-BB62C9D8347C}.Release|x64.ActiveCfg = Release|x64
		{ED8B3A44-7E3A-4094-BC87-BB62C9D8347C}.Release|x64.Build.0 = Release|x64
		{ED8B3A44-7E3A-4094-BC87-BB62C9D8347C}.Release|x86.ActiveCfg = Release|Win32
		{ED8B3A44-7E3A-4094-BC87-BB62C9D8347C}.Release|x86.Build.0 = Release|Win32
	EndGlobalSection
	GlobalSection(SolutionProperties) = preSolution
		HideSolutionNode = FALSE
	EndGlobalSection
	GlobalSection(ExtensibilityGlobals) = postSolution
		SolutionGuid = {862D213E-7E36-4FC1-AC28-1D563DEF7F52}
	EndGlobalSection
EndGlobal
